{
  "name": "amiami",
  "version": "1.0.0",
  "lockfileVersion": 3,
  "requires": true,
  "packages": {
    "": {
      "name": "amiami",
      "version": "1.0.0",
      "license": "ISC",
      "dependencies": {
        "node-curl-impersonate": "^1.0.2"
      }
    },
    "node_modules/node-curl-impersonate": {
      "version": "1.0.2",
      "resolved": "https://registry.npmjs.org/node-curl-impersonate/-/node-curl-impersonate-1.0.2.tgz",
      "integrity": "sha512-sXAGAa/naikuVo1Q284kQ9cV5B5dBdyx4OAn5kr7xp+dOkiBwaiI9gs3wFcb7LEGmSLac2wppZhGq1en2HRYkw=="
    }
  }
}
